
Microsoft Visual Studio Solution File, Format Version 12.00
# Visual Studio Version 16
VisualStudioVersion = 16.0.31729.503
MinimumVisualStudioVersion = 10.0.40219.1
Project("{FAE04EC0-301F-11D3-BF4B-00C04F79EFBC}") = "StuffInc", "StuffInc\StuffInc.csproj", "{1F3338C3-1BC0-4382-92DD-3DF2424E68B8}"
EndProject
Global
	GlobalSection(SolutionConfigurationPlatforms) = preSolution
		Debug|Any CPU = Debug|Any CPU
		Release|Any CPU = Release|Any CPU
	EndGlobalSection
	GlobalSection(ProjectConfigurationPlatforms) = postSolution
		{1F3338C3-1BC0-4382-92DD-3DF2424E68B8}.Debug|Any CPU.ActiveCfg = Debug|Any CPU
		{1F3338C3-1BC0-4382-92DD-3DF2424E68B8}.Debug|Any CPU.Build.0 = Debug|Any CPU
		{1F3338C3-1BC0-4382-92DD-3DF2424E68B8}.Release|Any CPU.ActiveCfg = Release|Any CPU
		{1F3338C3-1BC0-4382-92DD-3DF2424E68B8}.Release|Any CPU.Build.0 = Release|Any CPU
	EndGlobalSection
	GlobalSection(SolutionProperties) = preSolution
		HideSolutionNode = FALSE
	EndGlobalSection
	GlobalSection(ExtensibilityGlobals) = postSolution
		SolutionGuid = {08A8DA8D-583E-4228-A8DB-52B8301B4ABB}
	EndGlobalSection
EndGlobal
